{
  "originHash" : "9c950151ef133014bd8a0c72c5025d6096af825b7b0f068a6212c083cc22a40e",
  "pins" : [
    {
      "identity" : "realm-core",
      "kind" : "remoteSourceControl",
      "location" : "https://github.com/realm/realm-core.git",
      "state" : {
        "revision" : "b4192c46305570577c4d08df790fddec5ab3aa04",
        "version" : "20.1.5"
      }
    },
    {
      "identity" : "realm-swift",
      "kind" : "remoteSourceControl",
      "location" : "https://github.com/realm/realm-swift.git",
      "state" : {
        "revision" : "ca03df491ec5e4bb8af0bca1e9957d08c10ec2da",
        "version" : "20.0.5"
      }
    }
  ],
  "version" : 3
}
